// !$*UTF8*$!
{
	archiveVersion = 1;
	classes = {
	};
	objectVersion = 46;
	objects = {

/* Begin PBXBuildFile section */
		4E3C3B531D5AACB500E41F58 /* TipCalculator.storyboard in Resources */ = {isa = PBXBuildFile; fileRef = 4E3C3B521D5AACB500E41F58 /* TipCalculator.storyboard */; };
		4E3C3B551D5AAD2C00E41F58 /* TipCalculatorVC.swift in Sources */ = {isa = PBXBuildFile; fileRef = 4E3C3B541D5AAD2C00E41F58 /* TipCalculatorVC.swift */; };
		4E40BD351D59AE36009731BF /* AppDelegate.swift in Sources */ = {isa = PBXBuildFile; fileRef = 4E40BD341D59AE36009731BF /* AppDelegate.swift */; };
		4E40BD371D59AE36009731BF /* MainViewController.swift in Sources */ = {isa = PBXBuildFile; fileRef = 4E40BD361D59AE36009731BF /* MainViewController.swift */; };
		4E40BD3A1D59AE36009731BF /* Main.storyboard in Resources */ = {isa = PBXBuildFile; fileRef = 4E40BD381D59AE36009731BF /* Main.storyboard */; };
		4E40BD3C1D59AE36009731BF /* Assets.xcassets in Resources */ = {isa = PBXBuildFile; fileRef = 4E40BD3B1D59AE36009731BF /* Assets.xcassets */; };
		4E40BD3F1D59AE36009731BF /* LaunchScreen.storyboard in Resources */ = {isa = PBXBuildFile; fileRef = 4E40BD3D1D59AE36009731BF /* LaunchScreen.storyboard */; };
		4E40BD4B1D59B26E009731BF /* TapOrHoldCounter.storyboard in Resources */ = {isa = PBXBuildFile; fileRef = 4E40BD491D59B26E009731BF /* TapOrHoldCounter.storyboard */; };
		4E40BD4C1D59B26E009731BF /* TapOrHoldCounterVC.swift in Sources */ = {isa = PBXBuildFile; fileRef = 4E40BD4A1D59B26E009731BF /* TapOrHoldCounterVC.swift */; };
		4E40BD501D59B71C009731BF /* MainModel.swift in Sources */ = {isa = PBXBuildFile; fileRef = 4E40BD4F1D59B71C009731BF /* MainModel.swift */; };
		4E4F74A91D5C27F500D7298A /* pass-data-to-other-views.storyboard in Resources */ = {isa = PBXBuildFile; fileRef = 4E4F74A81D5C27F500D7298A /* pass-data-to-other-views.storyboard */; };
		4E4F74AD1D5C287500D7298A /* PassDataToOtherViewsVC.swift in Sources */ = {isa = PBXBuildFile; fileRef = 4E4F74AB1D5C287500D7298A /* PassDataToOtherViewsVC.swift */; };
		4E4F74AE1D5C287500D7298A /* SecondViewController.swift in Sources */ = {isa = PBXBuildFile; fileRef = 4E4F74AC1D5C287500D7298A /* SecondViewController.swift */; };
		4E4F74B01D5C2AB400D7298A /* swipe-to-dismiss-keyboard.storyboard in Resources */ = {isa = PBXBuildFile; fileRef = 4E4F74AF1D5C2AB400D7298A /* swipe-to-dismiss-keyboard.storyboard */; };
		4E4F74B31D5C2B0A00D7298A /* SwipeToDismissKeyboardVC.swift in Sources */ = {isa = PBXBuildFile; fileRef = 4E4F74B21D5C2B0A00D7298A /* SwipeToDismissKeyboardVC.swift */; };
		4E4F74B51D5C36E900D7298A /* add-photo-from-camera-roll.storyboard in Resources */ = {isa = PBXBuildFile; fileRef = 4E4F74B41D5C36E900D7298A /* add-photo-from-camera-roll.storyboard */; };
		4E4F74B81D5C372A00D7298A /* AddPhotoFromCameraRollVC.swift in Sources */ = {isa = PBXBuildFile; fileRef = 4E4F74B71D5C372A00D7298A /* AddPhotoFromCameraRollVC.swift */; };
		4E6936AD1D5D7425001DF708 /* pull-to-refresh.storyboard in Resources */ = {isa = PBXBuildFile; fileRef = 4E6936AC1D5D7425001DF708 /* pull-to-refresh.storyboard */; };
		4E6936B01D5D745F001DF708 /* PullToRefreshVC.swift in Sources */ = {isa = PBXBuildFile; fileRef = 4E6936AF1D5D745F001DF708 /* PullToRefreshVC.swift */; };
		4EBB9B611D5EA00B00468DB1 /* delete-and-rearrange.storyboard in Resources */ = {isa = PBXBuildFile; fileRef = 4EBB9B601D5EA00B00468DB1 /* delete-and-rearrange.storyboard */; };
		4EBB9B641D5EA06300468DB1 /* DeleteAndRearrangeVC.swift in Sources */ = {isa = PBXBuildFile; fileRef = 4EBB9B631D5EA06300468DB1 /* DeleteAndRearrangeVC.swift */; };
		4EBCE7EA1D659D4500E88F4B /* date-and-time-picker.storyboard in Resources */ = {isa = PBXBuildFile; fileRef = 4EBCE7E91D659D4500E88F4B /* date-and-time-picker.storyboard */; };
		4EBCE7ED1D659DCF00E88F4B /* DateAndTimePickerVC.swift in Sources */ = {isa = PBXBuildFile; fileRef = 4EBCE7EC1D659DCF00E88F4B /* DateAndTimePickerVC.swift */; };
		4EC7635B1D6430DD0071A4E9 /* timeline.storyboard in Resources */ = {isa = PBXBuildFile; fileRef = 4EC7635A1D6430DD0071A4E9 /* timeline.storyboard */; };
		4EC7635E1D64324B0071A4E9 /* TimelineVC.swift in Sources */ = {isa = PBXBuildFile; fileRef = 4EC7635D1D64324B0071A4E9 /* TimelineVC.swift */; };
		4EC763601D64327A0071A4E9 /* TimelineItemCell.swift in Sources */ = {isa = PBXBuildFile; fileRef = 4EC7635F1D64327A0071A4E9 /* TimelineItemCell.swift */; };
		4EC763641D64431F0071A4E9 /* AddNewEntryVC.swift in Sources */ = {isa = PBXBuildFile; fileRef = 4EC763631D64431F0071A4E9 /* AddNewEntryVC.swift */; };
		4EC763661D64434B0071A4E9 /* TimelineEntry.swift in Sources */ = {isa = PBXBuildFile; fileRef = 4EC763651D64434B0071A4E9 /* TimelineEntry.swift */; };
		4EC8EE3C1D6AD0540036ACC5 /* photo_items.plist in Resources */ = {isa = PBXBuildFile; fileRef = 4EC8EE351D6AD0540036ACC5 /* photo_items.plist */; };
		4EC8EE3D1D6AD0540036ACC5 /* PhotoDetailVC.swift in Sources */ = {isa = PBXBuildFile; fileRef = 4EC8EE361D6AD0540036ACC5 /* PhotoDetailVC.swift */; };
		4EC8EE3E1D6AD0540036ACC5 /* PhotoDetailView.swift in Sources */ = {isa = PBXBuildFile; fileRef = 4EC8EE371D6AD0540036ACC5 /* PhotoDetailView.swift */; };
		4EC8EE3F1D6AD0540036ACC5 /* PhotoItem.swift in Sources */ = {isa = PBXBuildFile; fileRef = 4EC8EE381D6AD0540036ACC5 /* PhotoItem.swift */; };
		4EC8EE401D6AD0540036ACC5 /* photos.storyboard in Resources */ = {isa = PBXBuildFile; fileRef = 4EC8EE391D6AD0540036ACC5 /* photos.storyboard */; };
		4EC8EE411D6AD0540036ACC5 /* PhotosVC.swift in Sources */ = {isa = PBXBuildFile; fileRef = 4EC8EE3A1D6AD0540036ACC5 /* PhotosVC.swift */; };
		4EC8EE421D6AD0540036ACC5 /* PhotoItemCell.swift in Sources */ = {isa = PBXBuildFile; fileRef = 4EC8EE3B1D6AD0540036ACC5 /* PhotoItemCell.swift */; };
		4ECC18B21D634574007AAC4A /* contacts-app.storyboard in Resources */ = {isa = PBXBuildFile; fileRef = 4ECC18AF1D634574007AAC4A /* contacts-app.storyboard */; };
		4ECC18B31D634574007AAC4A /* ContactsVC.swift in Sources */ = {isa = PBXBuildFile; fileRef = 4ECC18B01D634574007AAC4A /* ContactsVC.swift */; };
		4ECC18B41D634574007AAC4A /* UserInfoVC.swift in Sources */ = {isa = PBXBuildFile; fileRef = 4ECC18B11D634574007AAC4A /* UserInfoVC.swift */; };
		4ECC18B81D6345C1007AAC4A /* AddNewUserVC.swift in Sources */ = {isa = PBXBuildFile; fileRef = 4ECC18B51D6345C1007AAC4A /* AddNewUserVC.swift */; };
		4ECC18B91D6345C1007AAC4A /* ContactsItemCell.swift in Sources */ = {isa = PBXBuildFile; fileRef = 4ECC18B61D6345C1007AAC4A /* ContactsItemCell.swift */; };
		4ECC18BA1D6345C1007AAC4A /* ContactsModel.swift in Sources */ = {isa = PBXBuildFile; fileRef = 4ECC18B71D6345C1007AAC4A /* ContactsModel.swift */; };
		4ED129EB1D62D90A00806377 /* User.swift in Sources */ = {isa = PBXBuildFile; fileRef = 4ED129EA1D62D90A00806377 /* User.swift */; };
		4ED129F11D62F7E400806377 /* ExUIImageView.swift in Sources */ = {isa = PBXBuildFile; fileRef = 4ED129F01D62F7E400806377 /* ExUIImageView.swift */; };
		4EDB8C881D5FECB000CC8C68 /* sticky-section-headers.storyboard in Resources */ = {isa = PBXBuildFile; fileRef = 4EDB8C871D5FECB000CC8C68 /* sticky-section-headers.storyboard */; };
		4EDB8C8B1D5FECF700CC8C68 /* StickySectionHeadersVC.swift in Sources */ = {isa = PBXBuildFile; fileRef = 4EDB8C8A1D5FECF700CC8C68 /* StickySectionHeadersVC.swift */; };
/* End PBXBuildFile section */

/* Begin PBXFileReference section */
		4E3C3B521D5AACB500E41F58 /* TipCalculator.storyboard */ = {isa = PBXFileReference; fileEncoding = 4; lastKnownFileType = file.storyboard; name = TipCalculator.storyboard; path = "02.tip-calculator/TipCalculator.storyboard"; sourceTree = "<group>"; };
		4E3C3B541D5AAD2C00E41F58 /* TipCalculatorVC.swift */ = {isa = PBXFileReference; fileEncoding = 4; lastKnownFileType = sourcecode.swift; name = TipCalculatorVC.swift; path = "02.tip-calculator/TipCalculatorVC.swift"; sourceTree = "<group>"; };
		4E40BD311D59AE36009731BF /* BiOS.app */ = {isa = PBXFileReference; explicitFileType = wrapper.application; includeInIndex = 0; path = BiOS.app; sourceTree = BUILT_PRODUCTS_DIR; };
		4E40BD341D59AE36009731BF /* AppDelegate.swift */ = {isa = PBXFileReference; lastKnownFileType = sourcecode.swift; path = AppDelegate.swift; sourceTree = "<group>"; };
		4E40BD361D59AE36009731BF /* MainViewController.swift */ = {isa = PBXFileReference; lastKnownFileType = sourcecode.swift; path = MainViewController.swift; sourceTree = "<group>"; };
		4E40BD391D59AE36009731BF /* Base */ = {isa = PBXFileReference; lastKnownFileType = file.storyboard; name = Base; path = Base.lproj/Main.storyboard; sourceTree = "<group>"; };
		4E40BD3B1D59AE36009731BF /* Assets.xcassets */ = {isa = PBXFileReference; lastKnownFileType = folder.assetcatalog; path = Assets.xcassets; sourceTree = "<group>"; };
		4E40BD3E1D59AE36009731BF /* Base */ = {isa = PBXFileReference; lastKnownFileType = file.storyboard; name = Base; path = Base.lproj/LaunchScreen.storyboard; sourceTree = "<group>"; };
		4E40BD401D59AE36009731BF /* Info.plist */ = {isa = PBXFileReference; lastKnownFileType = text.plist.xml; path = Info.plist; sourceTree = "<group>"; };
		4E40BD491D59B26E009731BF /* TapOrHoldCounter.storyboard */ = {isa = PBXFileReference; fileEncoding = 4; lastKnownFileType = file.storyboard; name = TapOrHoldCounter.storyboard; path = 01.TabOrHoldCounter/TapOrHoldCounter.storyboard; sourceTree = "<group>"; };
		4E40BD4A1D59B26E009731BF /* TapOrHoldCounterVC.swift */ = {isa = PBXFileReference; fileEncoding = 4; lastKnownFileType = sourcecode.swift; name = TapOrHoldCounterVC.swift; path = 01.TabOrHoldCounter/TapOrHoldCounterVC.swift; sourceTree = "<group>"; };
		4E40BD4F1D59B71C009731BF /* MainModel.swift */ = {isa = PBXFileReference; fileEncoding = 4; lastKnownFileType = sourcecode.swift; path = MainModel.swift; sourceTree = "<group>"; };
		4E4F74A81D5C27F500D7298A /* pass-data-to-other-views.storyboard */ = {isa = PBXFileReference; fileEncoding = 4; lastKnownFileType = file.storyboard; name = "pass-data-to-other-views.storyboard"; path = "03.pass-data-to-other-views/pass-data-to-other-views.storyboard"; sourceTree = "<group>"; };
		4E4F74AB1D5C287500D7298A /* PassDataToOtherViewsVC.swift */ = {isa = PBXFileReference; fileEncoding = 4; lastKnownFileType = sourcecode.swift; name = PassDataToOtherViewsVC.swift; path = "03.pass-data-to-other-views/PassDataToOtherViewsVC.swift"; sourceTree = "<group>"; };
		4E4F74AC1D5C287500D7298A /* SecondViewController.swift */ = {isa = PBXFileReference; fileEncoding = 4; lastKnownFileType = sourcecode.swift; name = SecondViewController.swift; path = "03.pass-data-to-other-views/SecondViewController.swift"; sourceTree = "<group>"; };
		4E4F74AF1D5C2AB400D7298A /* swipe-to-dismiss-keyboard.storyboard */ = {isa = PBXFileReference; fileEncoding = 4; lastKnownFileType = file.storyboard; name = "swipe-to-dismiss-keyboard.storyboard"; path = "04.swipe-to-dismiss-keyboard/swipe-to-dismiss-keyboard.storyboard"; sourceTree = "<group>"; };
		4E4F74B21D5C2B0A00D7298A /* SwipeToDismissKeyboardVC.swift */ = {isa = PBXFileReference; fileEncoding = 4; lastKnownFileType = sourcecode.swift; name = SwipeToDismissKeyboardVC.swift; path = "04.swipe-to-dismiss-keyboard/SwipeToDismissKeyboardVC.swift"; sourceTree = "<group>"; };
		4E4F74B41D5C36E900D7298A /* add-photo-from-camera-roll.storyboard */ = {isa = PBXFileReference; fileEncoding = 4; lastKnownFileType = file.storyboard; name = "add-photo-from-camera-roll.storyboard"; path = "05.add-photo-from-camera-roll/add-photo-from-camera-roll.storyboard"; sourceTree = "<group>"; };
		4E4F74B71D5C372A00D7298A /* AddPhotoFromCameraRollVC.swift */ = {isa = PBXFileReference; fileEncoding = 4; lastKnownFileType = sourcecode.swift; name = AddPhotoFromCameraRollVC.swift; path = "05.add-photo-from-camera-roll/AddPhotoFromCameraRollVC.swift"; sourceTree = "<group>"; };
		4E6936AC1D5D7425001DF708 /* pull-to-refresh.storyboard */ = {isa = PBXFileReference; fileEncoding = 4; lastKnownFileType = file.storyboard; name = "pull-to-refresh.storyboard"; path = "06.pull-to-refresh/pull-to-refresh.storyboard"; sourceTree = "<group>"; };
		4E6936AF1D5D745F001DF708 /* PullToRefreshVC.swift */ = {isa = PBXFileReference; fileEncoding = 4; lastKnownFileType = sourcecode.swift; name = PullToRefreshVC.swift; path = "06.pull-to-refresh/PullToRefreshVC.swift"; sourceTree = "<group>"; };
		4EBB9B601D5EA00B00468DB1 /* delete-and-rearrange.storyboard */ = {isa = PBXFileReference; fileEncoding = 4; lastKnownFileType = file.storyboard; name = "delete-and-rearrange.storyboard"; path = "07.delete-and-rearrange/delete-and-rearrange.storyboard"; sourceTree = "<group>"; };
		4EBB9B631D5EA06300468DB1 /* DeleteAndRearrangeVC.swift */ = {isa = PBXFileReference; fileEncoding = 4; lastKnownFileType = sourcecode.swift; name = DeleteAndRearrangeVC.swift; path = "07.delete-and-rearrange/DeleteAndRearrangeVC.swift"; sourceTree = "<group>"; };
		4EBCE7E91D659D4500E88F4B /* date-and-time-picker.storyboard */ = {isa = PBXFileReference; fileEncoding = 4; lastKnownFileType = file.storyboard; name = "date-and-time-picker.storyboard"; path = "11.date-and-time-picker/date-and-time-picker.storyboard"; sourceTree = "<group>"; };
		4EBCE7EC1D659DCF00E88F4B /* DateAndTimePickerVC.swift */ = {isa = PBXFileReference; fileEncoding = 4; lastKnownFileType = sourcecode.swift; name = DateAndTimePickerVC.swift; path = "11.date-and-time-picker/DateAndTimePickerVC.swift"; sourceTree = "<group>"; };
		4EC7635A1D6430DD0071A4E9 /* timeline.storyboard */ = {isa = PBXFileReference; fileEncoding = 4; lastKnownFileType = file.storyboard; name = timeline.storyboard; path = 10.timeline/timeline.storyboard; sourceTree = "<group>"; };
		4EC7635D1D64324B0071A4E9 /* TimelineVC.swift */ = {isa = PBXFileReference; fileEncoding = 4; lastKnownFileType = sourcecode.swift; name = TimelineVC.swift; path = 10.timeline/TimelineVC.swift; sourceTree = "<group>"; };
		4EC7635F1D64327A0071A4E9 /* TimelineItemCell.swift */ = {isa = PBXFileReference; fileEncoding = 4; lastKnownFileType = sourcecode.swift; name = TimelineItemCell.swift; path = 10.timeline/TimelineItemCell.swift; sourceTree = "<group>"; };
		4EC763631D64431F0071A4E9 /* AddNewEntryVC.swift */ = {isa = PBXFileReference; fileEncoding = 4; lastKnownFileType = sourcecode.swift; name = AddNewEntryVC.swift; path = 10.timeline/AddNewEntryVC.swift; sourceTree = "<group>"; };
		4EC763651D64434B0071A4E9 /* TimelineEntry.swift */ = {isa = PBXFileReference; fileEncoding = 4; lastKnownFileType = sourcecode.swift; name = TimelineEntry.swift; path = 10.timeline/TimelineEntry.swift; sourceTree = "<group>"; };
		4EC8EE351D6AD0540036ACC5 /* photo_items.plist */ = {isa = PBXFileReference; fileEncoding = 4; lastKnownFileType = text.plist.xml; name = photo_items.plist; path = 12.photos/photo_items.plist; sourceTree = "<group>"; };
		4EC8EE361D6AD0540036ACC5 /* PhotoDetailVC.swift */ = {isa = PBXFileReference; fileEncoding = 4; lastKnownFileType = sourcecode.swift; name = PhotoDetailVC.swift; path = 12.photos/PhotoDetailVC.swift; sourceTree = "<group>"; };
		4EC8EE371D6AD0540036ACC5 /* PhotoDetailView.swift */ = {isa = PBXFileReference; fileEncoding = 4; lastKnownFileType = sourcecode.swift; name = PhotoDetailView.swift; path = 12.photos/PhotoDetailView.swift; sourceTree = "<group>"; };
		4EC8EE381D6AD0540036ACC5 /* PhotoItem.swift */ = {isa = PBXFileReference; fileEncoding = 4; lastKnownFileType = sourcecode.swift; name = PhotoItem.swift; path = 12.photos/PhotoItem.swift; sourceTree = "<group>"; };
		4EC8EE391D6AD0540036ACC5 /* photos.storyboard */ = {isa = PBXFileReference; fileEncoding = 4; lastKnownFileType = file.storyboard; name = photos.storyboard; path = 12.photos/photos.storyboard; sourceTree = "<group>"; };
		4EC8EE3A1D6AD0540036ACC5 /* PhotosVC.swift */ = {isa = PBXFileReference; fileEncoding = 4; lastKnownFileType = sourcecode.swift; name = PhotosVC.swift; path = 12.photos/PhotosVC.swift; sourceTree = "<group>"; };
		4EC8EE3B1D6AD0540036ACC5 /* PhotoItemCell.swift */ = {isa = PBXFileReference; fileEncoding = 4; lastKnownFileType = sourcecode.swift; name = PhotoItemCell.swift; path = 12.photos/PhotoItemCell.swift; sourceTree = "<group>"; };
		4ECC18AF1D634574007AAC4A /* contacts-app.storyboard */ = {isa = PBXFileReference; fileEncoding = 4; lastKnownFileType = file.storyboard; name = "contacts-app.storyboard"; path = "09.contacts-app/contacts-app.storyboard"; sourceTree = "<group>"; };
		4ECC18B01D634574007AAC4A /* ContactsVC.swift */ = {isa = PBXFileReference; fileEncoding = 4; lastKnownFileType = sourcecode.swift; name = ContactsVC.swift; path = "09.contacts-app/ContactsVC.swift"; sourceTree = "<group>"; };
		4ECC18B11D634574007AAC4A /* UserInfoVC.swift */ = {isa = PBXFileReference; fileEncoding = 4; lastKnownFileType = sourcecode.swift; name = UserInfoVC.swift; path = "09.contacts-app/UserInfoVC.swift"; sourceTree = "<group>"; };
		4ECC18B51D6345C1007AAC4A /* AddNewUserVC.swift */ = {isa = PBXFileReference; fileEncoding = 4; lastKnownFileType = sourcecode.swift; name = AddNewUserVC.swift; path = "09.contacts-app/AddNewUserVC.swift"; sourceTree = "<group>"; };
		4ECC18B61D6345C1007AAC4A /* ContactsItemCell.swift */ = {isa = PBXFileReference; fileEncoding = 4; lastKnownFileType = sourcecode.swift; name = ContactsItemCell.swift; path = "09.contacts-app/ContactsItemCell.swift"; sourceTree = "<group>"; };
		4ECC18B71D6345C1007AAC4A /* ContactsModel.swift */ = {isa = PBXFileReference; fileEncoding = 4; lastKnownFileType = sourcecode.swift; name = ContactsModel.swift; path = "09.contacts-app/ContactsModel.swift"; sourceTree = "<group>"; };
		4ED129EA1D62D90A00806377 /* User.swift */ = {isa = PBXFileReference; fileEncoding = 4; lastKnownFileType = sourcecode.swift; path = User.swift; sourceTree = "<group>"; };
		4ED129F01D62F7E400806377 /* ExUIImageView.swift */ = {isa = PBXFileReference; fileEncoding = 4; lastKnownFileType = sourcecode.swift; path = ExUIImageView.swift; sourceTree = "<group>"; };
		4EDB8C871D5FECB000CC8C68 /* sticky-section-headers.storyboard */ = {isa = PBXFileReference; fileEncoding = 4; lastKnownFileType = file.storyboard; name = "sticky-section-headers.storyboard"; path = "08.sticky-section-headers/sticky-section-headers.storyboard"; sourceTree = "<group>"; };
		4EDB8C8A1D5FECF700CC8C68 /* StickySectionHeadersVC.swift */ = {isa = PBXFileReference; fileEncoding = 4; lastKnownFileType = sourcecode.swift; name = StickySectionHeadersVC.swift; path = "08.sticky-section-headers/StickySectionHeadersVC.swift"; sourceTree = "<group>"; };
/* End PBXFileReference section */

/* Begin PBXFrameworksBuildPhase section */
		4E40BD2E1D59AE36009731BF /* Frameworks */ = {
			isa = PBXFrameworksBuildPhase;
			buildActionMask = 2147483647;
			files = (
			);
			runOnlyForDeploymentPostprocessing = 0;
		};
/* End PBXFrameworksBuildPhase section */

/* Begin PBXGroup section */
		4E3C3B511D5AAC2900E41F58 /* 02.tip-calculator */ = {
			isa = PBXGroup;
			children = (
				4E3C3B541D5AAD2C00E41F58 /* TipCalculatorVC.swift */,
				4E3C3B521D5AACB500E41F58 /* TipCalculator.storyboard */,
			);
			name = "02.tip-calculator";
			sourceTree = "<group>";
		};
		4E40BD281D59AE36009731BF = {
			isa = PBXGroup;
			children = (
				4E40BD331D59AE36009731BF /* BiOS */,
				4E40BD321D59AE36009731BF /* Products */,
			);
			sourceTree = "<group>";
		};
		4E40BD321D59AE36009731BF /* Products */ = {
			isa = PBXGroup;
			children = (
				4E40BD311D59AE36009731BF /* BiOS.app */,
			);
			name = Products;
			sourceTree = "<group>";
		};
		4E40BD331D59AE36009731BF /* BiOS */ = {
			isa = PBXGroup;
			children = (
				4EF20F861D66D38500BACC73 /* 12.photos */,
				4EBCE7EB1D659D4900E88F4B /* 11.date-and-time-picker */,
				4EC7635C1D6430E50071A4E9 /* 10.timeline */,
				4ED129E51D62D61500806377 /* 09.contacts-app */,
				4EDB8C891D5FECB500CC8C68 /* 08.sticky-section-headers */,
				4EBB9B621D5EA01000468DB1 /* 07.delete-and-rearrange */,
				4E6936AE1D5D742A001DF708 /* 06.pull-to-refresh */,
				4E4F74B61D5C36ED00D7298A /* 05.add-photo-from-camera-roll */,
				4E4F74B11D5C2AB800D7298A /* 04.swipe-to-dismiss-keyboard */,
				4E4F74AA1D5C27FB00D7298A /* 03.pass-data-to-other-views */,
				4E3C3B511D5AAC2900E41F58 /* 02.tip-calculator */,
				4E40BD481D59B19C009731BF /* 01.TapOrHoldCounter */,
				4E40BD361D59AE36009731BF /* MainViewController.swift */,
				4E40BD381D59AE36009731BF /* Main.storyboard */,
				4E40BD4F1D59B71C009731BF /* MainModel.swift */,
				4ED129F61D63091200806377 /* ex */,
				4E40BD3B1D59AE36009731BF /* Assets.xcassets */,
				4E40BD341D59AE36009731BF /* AppDelegate.swift */,
				4E40BD3D1D59AE36009731BF /* LaunchScreen.storyboard */,
				4E40BD401D59AE36009731BF /* Info.plist */,
			);
			path = BiOS;
			sourceTree = "<group>";
		};
		4E40BD481D59B19C009731BF /* 01.TapOrHoldCounter */ = {
			isa = PBXGroup;
			children = (
				4E40BD491D59B26E009731BF /* TapOrHoldCounter.storyboard */,
				4E40BD4A1D59B26E009731BF /* TapOrHoldCounterVC.swift */,
			);
			name = 01.TapOrHoldCounter;
			sourceTree = "<group>";
		};
		4E4F74AA1D5C27FB00D7298A /* 03.pass-data-to-other-views */ = {
			isa = PBXGroup;
			children = (
				4E4F74AB1D5C287500D7298A /* PassDataToOtherViewsVC.swift */,
				4E4F74AC1D5C287500D7298A /* SecondViewController.swift */,
				4E4F74A81D5C27F500D7298A /* pass-data-to-other-views.storyboard */,
			);
			name = "03.pass-data-to-other-views";
			sourceTree = "<group>";
		};
		4E4F74B11D5C2AB800D7298A /* 04.swipe-to-dismiss-keyboard */ = {
			isa = PBXGroup;
			children = (
				4E4F74B21D5C2B0A00D7298A /* SwipeToDismissKeyboardVC.swift */,
				4E4F74AF1D5C2AB400D7298A /* swipe-to-dismiss-keyboard.storyboard */,
			);
			name = "04.swipe-to-dismiss-keyboard";
			sourceTree = "<group>";
		};
		4E4F74B61D5C36ED00D7298A /* 05.add-photo-from-camera-roll */ = {
			isa = PBXGroup;
			children = (
				4E4F74B71D5C372A00D7298A /* AddPhotoFromCameraRollVC.swift */,
				4E4F74B41D5C36E900D7298A /* add-photo-from-camera-roll.storyboard */,
			);
			name = "05.add-photo-from-camera-roll";
			sourceTree = "<group>";
		};
		4E6936AE1D5D742A001DF708 /* 06.pull-to-refresh */ = {
			isa = PBXGroup;
			children = (
				4E6936AF1D5D745F001DF708 /* PullToRefreshVC.swift */,
				4E6936AC1D5D7425001DF708 /* pull-to-refresh.storyboard */,
			);
			name = "06.pull-to-refresh";
			sourceTree = "<group>";
		};
		4EBB9B621D5EA01000468DB1 /* 07.delete-and-rearrange */ = {
			isa = PBXGroup;
			children = (
				4EBB9B631D5EA06300468DB1 /* DeleteAndRearrangeVC.swift */,
				4EBB9B601D5EA00B00468DB1 /* delete-and-rearrange.storyboard */,
			);
			name = "07.delete-and-rearrange";
			sourceTree = "<group>";
		};
		4EBCE7EB1D659D4900E88F4B /* 11.date-and-time-picker */ = {
			isa = PBXGroup;
			children = (
				4EBCE7E91D659D4500E88F4B /* date-and-time-picker.storyboard */,
				4EBCE7EC1D659DCF00E88F4B /* DateAndTimePickerVC.swift */,
			);
			name = "11.date-and-time-picker";
			sourceTree = "<group>";
		};
		4EC7635C1D6430E50071A4E9 /* 10.timeline */ = {
			isa = PBXGroup;
			children = (
				4EC7635A1D6430DD0071A4E9 /* timeline.storyboard */,
				4EC7635D1D64324B0071A4E9 /* TimelineVC.swift */,
				4EC7635F1D64327A0071A4E9 /* TimelineItemCell.swift */,
				4EC763651D64434B0071A4E9 /* TimelineEntry.swift */,
				4EC763631D64431F0071A4E9 /* AddNewEntryVC.swift */,
			);
			name = 10.timeline;
			sourceTree = "<group>";
		};
		4ED129E51D62D61500806377 /* 09.contacts-app */ = {
			isa = PBXGroup;
			children = (
				4ECC18B61D6345C1007AAC4A /* ContactsItemCell.swift */,
				4ECC18B71D6345C1007AAC4A /* ContactsModel.swift */,
				4ECC18AF1D634574007AAC4A /* contacts-app.storyboard */,
				4ECC18B01D634574007AAC4A /* ContactsVC.swift */,
				4ED129EA1D62D90A00806377 /* User.swift */,
				4ED129F51D63090100806377 /* addnew */,
				4ED129F41D6308E100806377 /* userinfo */,
			);
			name = "09.contacts-app";
			sourceTree = "<group>";
		};
		4ED129F41D6308E100806377 /* userinfo */ = {
			isa = PBXGroup;
			children = (
				4ECC18B11D634574007AAC4A /* UserInfoVC.swift */,
			);
			name = userinfo;
			sourceTree = "<group>";
		};
		4ED129F51D63090100806377 /* addnew */ = {
			isa = PBXGroup;
			children = (
				4ECC18B51D6345C1007AAC4A /* AddNewUserVC.swift */,
			);
			name = addnew;
			sourceTree = "<group>";
		};
		4ED129F61D63091200806377 /* ex */ = {
			isa = PBXGroup;
			children = (
				4ED129F01D62F7E400806377 /* ExUIImageView.swift */,
			);
			name = ex;
			sourceTree = "<group>";
		};
		4EDB8C891D5FECB500CC8C68 /* 08.sticky-section-headers */ = {
			isa = PBXGroup;
			children = (
				4EDB8C871D5FECB000CC8C68 /* sticky-section-headers.storyboard */,
				4EDB8C8A1D5FECF700CC8C68 /* StickySectionHeadersVC.swift */,
			);
			name = "08.sticky-section-headers";
			sourceTree = "<group>";
		};
		4EF20F861D66D38500BACC73 /* 12.photos */ = {
			isa = PBXGroup;
			children = (
				4EC8EE351D6AD0540036ACC5 /* photo_items.plist */,
				4EC8EE361D6AD0540036ACC5 /* PhotoDetailVC.swift */,
				4EC8EE371D6AD0540036ACC5 /* PhotoDetailView.swift */,
				4EC8EE381D6AD0540036ACC5 /* PhotoItem.swift */,
				4EC8EE391D6AD0540036ACC5 /* photos.storyboard */,
				4EC8EE3A1D6AD0540036ACC5 /* PhotosVC.swift */,
				4EC8EE3B1D6AD0540036ACC5 /* PhotoItemCell.swift */,
			);
			name = 12.photos;
			sourceTree = "<group>";
		};
/* End PBXGroup section */

/* Begin PBXNativeTarget section */
		4E40BD301D59AE36009731BF /* BiOS */ = {
			isa = PBXNativeTarget;
			buildConfigurationList = 4E40BD431D59AE36009731BF /* Build configuration list for PBXNativeTarget "BiOS" */;
			buildPhases = (
				4E40BD2D1D59AE36009731BF /* Sources */,
				4E40BD2E1D59AE36009731BF /* Frameworks */,
				4E40BD2F1D59AE36009731BF /* Resources */,
			);
			buildRules = (
			);
			dependencies = (
			);
			name = BiOS;
			productName = BiOS;
			productReference = 4E40BD311D59AE36009731BF /* BiOS.app */;
			productType = "com.apple.product-type.application";
		};
/* End PBXNativeTarget section */

/* Begin PBXProject section */
		4E40BD291D59AE36009731BF /* Project object */ = {
			isa = PBXProject;
			attributes = {
				LastSwiftUpdateCheck = 0730;
				LastUpgradeCheck = 0730;
				ORGANIZATIONNAME = BiaoWu;
				TargetAttributes = {
					4E40BD301D59AE36009731BF = {
						CreatedOnToolsVersion = 7.3.1;
						DevelopmentTeam = MEU9HHMC8L;
					};
				};
			};
			buildConfigurationList = 4E40BD2C1D59AE36009731BF /* Build configuration list for PBXProject "BiOS" */;
			compatibilityVersion = "Xcode 3.2";
			developmentRegion = English;
			hasScannedForEncodings = 0;
			knownRegions = (
				en,
				Base,
			);
			mainGroup = 4E40BD281D59AE36009731BF;
			productRefGroup = 4E40BD321D59AE36009731BF /* Products */;
			projectDirPath = "";
			projectRoot = "";
			targets = (
				4E40BD301D59AE36009731BF /* BiOS */,
			);
		};
/* End PBXProject section */

/* Begin PBXResourcesBuildPhase section */
		4E40BD2F1D59AE36009731BF /* Resources */ = {
			isa = PBXResourcesBuildPhase;
			buildActionMask = 2147483647;
			files = (
				4E4F74B01D5C2AB400D7298A /* swipe-to-dismiss-keyboard.storyboard in Resources */,
				4E4F74B51D5C36E900D7298A /* add-photo-from-camera-roll.storyboard in Resources */,
				4E4F74A91D5C27F500D7298A /* pass-data-to-other-views.storyboard in Resources */,
				4ECC18B21D634574007AAC4A /* contacts-app.storyboard in Resources */,
				4E40BD3F1D59AE36009731BF /* LaunchScreen.storyboard in Resources */,
				4EC8EE401D6AD0540036ACC5 /* photos.storyboard in Resources */,
				4EBCE7EA1D659D4500E88F4B /* date-and-time-picker.storyboard in Resources */,
				4E40BD3C1D59AE36009731BF /* Assets.xcassets in Resources */,
				4E40BD3A1D59AE36009731BF /* Main.storyboard in Resources */,
				4E3C3B531D5AACB500E41F58 /* TipCalculator.storyboard in Resources */,
				4E40BD4B1D59B26E009731BF /* TapOrHoldCounter.storyboard in Resources */,
				4E6936AD1D5D7425001DF708 /* pull-to-refresh.storyboard in Resources */,
				4EBB9B611D5EA00B00468DB1 /* delete-and-rearrange.storyboard in Resources */,
				4EC7635B1D6430DD0071A4E9 /* timeline.storyboard in Resources */,
				4EC8EE3C1D6AD0540036ACC5 /* photo_items.plist in Resources */,
				4EDB8C881D5FECB000CC8C68 /* sticky-section-headers.storyboard in Resources */,
			);
			runOnlyForDeploymentPostprocessing = 0;
		};
/* End PBXResourcesBuildPhase section */

/* Begin PBXSourcesBuildPhase section */
		4E40BD2D1D59AE36009731BF /* Sources */ = {
			isa = PBXSourcesBuildPhase;
			buildActionMask = 2147483647;
			files = (
				4ECC18B81D6345C1007AAC4A /* AddNewUserVC.swift in Sources */,
				4E6936B01D5D745F001DF708 /* PullToRefreshVC.swift in Sources */,
				4EC763601D64327A0071A4E9 /* TimelineItemCell.swift in Sources */,
				4EC763641D64431F0071A4E9 /* AddNewEntryVC.swift in Sources */,
				4E40BD371D59AE36009731BF /* MainViewController.swift in Sources */,
				4EC7635E1D64324B0071A4E9 /* TimelineVC.swift in Sources */,
				4EBB9B641D5EA06300468DB1 /* DeleteAndRearrangeVC.swift in Sources */,
				4EC8EE3D1D6AD0540036ACC5 /* PhotoDetailVC.swift in Sources */,
				4EDB8C8B1D5FECF700CC8C68 /* StickySectionHeadersVC.swift in Sources */,
				4E3C3B551D5AAD2C00E41F58 /* TipCalculatorVC.swift in Sources */,
				4ECC18BA1D6345C1007AAC4A /* ContactsModel.swift in Sources */,
				4E4F74B31D5C2B0A00D7298A /* SwipeToDismissKeyboardVC.swift in Sources */,
				4E4F74B81D5C372A00D7298A /* AddPhotoFromCameraRollVC.swift in Sources */,
				4ED129EB1D62D90A00806377 /* User.swift in Sources */,
				4E40BD4C1D59B26E009731BF /* TapOrHoldCounterVC.swift in Sources */,
				4EC763661D64434B0071A4E9 /* TimelineEntry.swift in Sources */,
				4ECC18B41D634574007AAC4A /* UserInfoVC.swift in Sources */,
				4E40BD501D59B71C009731BF /* MainModel.swift in Sources */,
				4EC8EE3E1D6AD0540036ACC5 /* PhotoDetailView.swift in Sources */,
				4E4F74AE1D5C287500D7298A /* SecondViewController.swift in Sources */,
				4ECC18B91D6345C1007AAC4A /* ContactsItemCell.swift in Sources */,
				4EBCE7ED1D659DCF00E88F4B /* DateAndTimePickerVC.swift in Sources */,
				4E4F74AD1D5C287500D7298A /* PassDataToOtherViewsVC.swift in Sources */,
				4EC8EE421D6AD0540036ACC5 /* PhotoItemCell.swift in Sources */,
				4EC8EE411D6AD0540036ACC5 /* PhotosVC.swift in Sources */,
				4E40BD351D59AE36009731BF /* AppDelegate.swift in Sources */,
				4ED129F11D62F7E400806377 /* ExUIImageView.swift in Sources */,
				4ECC18B31D634574007AAC4A /* ContactsVC.swift in Sources */,
				4EC8EE3F1D6AD0540036ACC5 /* PhotoItem.swift in Sources */,
			);
			runOnlyForDeploymentPostprocessing = 0;
		};
/* End PBXSourcesBuildPhase section */

/* Begin PBXVariantGroup section */
		4E40BD381D59AE36009731BF /* Main.storyboard */ = {
			isa = PBXVariantGroup;
			children = (
				4E40BD391D59AE36009731BF /* Base */,
			);
			name = Main.storyboard;
			sourceTree = "<group>";
		};
		4E40BD3D1D59AE36009731BF /* LaunchScreen.storyboard */ = {
			isa = PBXVariantGroup;
			children = (
				4E40BD3E1D59AE36009731BF /* Base */,
			);
			name = LaunchScreen.storyboard;
			sourceTree = "<group>";
		};
/* End PBXVariantGroup section */

/* Begin XCBuildConfiguration section */
		4E40BD411D59AE36009731BF /* Debug */ = {
			isa = XCBuildConfiguration;
			buildSettings = {
				ALWAYS_SEARCH_USER_PATHS = NO;
				CLANG_ANALYZER_NONNULL = YES;
				CLANG_CXX_LANGUAGE_STANDARD = "gnu++0x";
				CLANG_CXX_LIBRARY = "libc++";
				CLANG_ENABLE_MODULES = YES;
				CLANG_ENABLE_OBJC_ARC = YES;
				CLANG_WARN_BOOL_CONVERSION = YES;
				CLANG_WARN_CONSTANT_CONVERSION = YES;
				CLANG_WARN_DIRECT_OBJC_ISA_USAGE = YES_ERROR;
				CLANG_WARN_EMPTY_BODY = YES;
				CLANG_WARN_ENUM_CONVERSION = YES;
				CLANG_WARN_INT_CONVERSION = YES;
				CLANG_WARN_OBJC_ROOT_CLASS = YES_ERROR;
				CLANG_WARN_UNREACHABLE_CODE = YES;
				CLANG_WARN__DUPLICATE_METHOD_MATCH = YES;
				"CODE_SIGN_IDENTITY[sdk=iphoneos*]" = "iPhone Developer";
				COPY_PHASE_STRIP = NO;
				DEBUG_INFORMATION_FORMAT = dwarf;
				ENABLE_STRICT_OBJC_MSGSEND = YES;
				ENABLE_TESTABILITY = YES;
				GCC_C_LANGUAGE_STANDARD = gnu99;
				GCC_DYNAMIC_NO_PIC = NO;
				GCC_NO_COMMON_BLOCKS = YES;
				GCC_OPTIMIZATION_LEVEL = 0;
				GCC_PREPROCESSOR_DEFINITIONS = (
					"DEBUG=1",
					"$(inherited)",
				);
				GCC_WARN_64_TO_32_BIT_CONVERSION = YES;
				GCC_WARN_ABOUT_RETURN_TYPE = YES_ERROR;
				GCC_WARN_UNDECLARED_SELECTOR = YES;
				GCC_WARN_UNINITIALIZED_AUTOS = YES_AGGRESSIVE;
				GCC_WARN_UNUSED_FUNCTION = YES;
				GCC_WARN_UNUSED_VARIABLE = YES;
				IPHONEOS_DEPLOYMENT_TARGET = 9.3;
				MTL_ENABLE_DEBUG_INFO = YES;
				ONLY_ACTIVE_ARCH = YES;
				SDKROOT = iphoneos;
				SWIFT_OPTIMIZATION_LEVEL = "-Onone";
				TARGETED_DEVICE_FAMILY = "1,2";
			};
			name = Debug;
		};
		4E40BD421D59AE36009731BF /* Release */ = {
			isa = XCBuildConfiguration;
			buildSettings = {
				ALWAYS_SEARCH_USER_PATHS = NO;
				CLANG_ANALYZER_NONNULL = YES;
				CLANG_CXX_LANGUAGE_STANDARD = "gnu++0x";
				CLANG_CXX_LIBRARY = "libc++";
				CLANG_ENABLE_MODULES = YES;
				CLANG_ENABLE_OBJC_ARC = YES;
				CLANG_WARN_BOOL_CONVERSION = YES;
				CLANG_WARN_CONSTANT_CONVERSION = YES;
				CLANG_WARN_DIRECT_OBJC_ISA_USAGE = YES_ERROR;
				CLANG_WARN_EMPTY_BODY = YES;
				CLANG_WARN_ENUM_CONVERSION = YES;
				CLANG_WARN_INT_CONVERSION = YES;
				CLANG_WARN_OBJC_ROOT_CLASS = YES_ERROR;
				CLANG_WARN_UNREACHABLE_CODE = YES;
				CLANG_WARN__DUPLICATE_METHOD_MATCH = YES;
				"CODE_SIGN_IDENTITY[sdk=iphoneos*]" = "iPhone Developer";
				COPY_PHASE_STRIP = NO;
				DEBUG_INFORMATION_FORMAT = "dwarf-with-dsym";
				ENABLE_NS_ASSERTIONS = NO;
				ENABLE_STRICT_OBJC_MSGSEND = YES;
				GCC_C_LANGUAGE_STANDARD = gnu99;
				GCC_NO_COMMON_BLOCKS = YES;
				GCC_WARN_64_TO_32_BIT_CONVERSION = YES;
				GCC_WARN_ABOUT_RETURN_TYPE = YES_ERROR;
				GCC_WARN_UNDECLARED_SELECTOR = YES;
				GCC_WARN_UNINITIALIZED_AUTOS = YES_AGGRESSIVE;
				GCC_WARN_UNUSED_FUNCTION = YES;
				GCC_WARN_UNUSED_VARIABLE = YES;
				IPHONEOS_DEPLOYMENT_TARGET = 9.3;
				MTL_ENABLE_DEBUG_INFO = NO;
				SDKROOT = iphoneos;
				TARGETED_DEVICE_FAMILY = "1,2";
				VALIDATE_PRODUCT = YES;
			};
			name = Release;
		};
		4E40BD441D59AE36009731BF /* Debug */ = {
			isa = XCBuildConfiguration;
			buildSettings = {
				ASSETCATALOG_COMPILER_APPICON_NAME = AppIcon;
				INFOPLIST_FILE = BiOS/Info.plist;
				LD_RUNPATH_SEARCH_PATHS = "$(inherited) @executable_path/Frameworks";
				PRODUCT_BUNDLE_IDENTIFIER = com.biao.BiOS;
				PRODUCT_NAME = "$(TARGET_NAME)";
			};
			name = Debug;
		};
		4E40BD451D59AE36009731BF /* Release */ = {
			isa = XCBuildConfiguration;
			buildSettings = {
				ASSETCATALOG_COMPILER_APPICON_NAME = AppIcon;
				INFOPLIST_FILE = BiOS/Info.plist;
				LD_RUNPATH_SEARCH_PATHS = "$(inherited) @executable_path/Frameworks";
				PRODUCT_BUNDLE_IDENTIFIER = com.biao.BiOS;
				PRODUCT_NAME = "$(TARGET_NAME)";
			};
			name = Release;
		};
/* End XCBuildConfiguration section */

/* Begin XCConfigurationList section */
		4E40BD2C1D59AE36009731BF /* Build configuration list for PBXProject "BiOS" */ = {
			isa = XCConfigurationList;
			buildConfigurations = (
				4E40BD411D59AE36009731BF /* Debug */,
				4E40BD421D59AE36009731BF /* Release */,
			);
			defaultConfigurationIsVisible = 0;
			defaultConfigurationName = Release;
		};
		4E40BD431D59AE36009731BF /* Build configuration list for PBXNativeTarget "BiOS" */ = {
			isa = XCConfigurationList;
			buildConfigurations = (
				4E40BD441D59AE36009731BF /* Debug */,
				4E40BD451D59AE36009731BF /* Release */,
			);
			defaultConfigurationIsVisible = 0;
			defaultConfigurationName = Release;
		};
/* End XCConfigurationList section */
	};
	rootObject = 4E40BD291D59AE36009731BF /* Project object */;
}
